{
  "nodes": {
    "crane": {
      "locked": {
        "lastModified": 1752946753,
        "narHash": "sha256-g5uP3jIj+STUcfTJDKYopxnSijs2agRg13H0SGL5iE4=",
        "rev": "544d09fecc8c2338542c57f3f742f1a0c8c71e13",
        "revCount": 744,
        "type": "tarball",
        "url": "https://api.flakehub.com/f/pinned/ipetkov/crane/0.21.0/019823c9-9d32-7d49-aa52-b8209fd297f7/source.tar.gz"
      },
      "original": {
        "type": "tarball",
        "url": "https://flakehub.com/f/ipetkov/crane/0"
      }
    },
    "disko": {
      "inputs": {
        "nixpkgs": [
          "nixpkgs"
        ]
      },
      "locked": {
        "lastModified": 1757508292,
        "narHash": "sha256-7lVWL5bC6xBIMWWDal41LlGAG+9u2zUorqo3QCUL4p4=",
        "owner": "nix-community",
        "repo": "disko",
        "rev": "146f45bee02b8bd88812cfce6ffc0f933788875a",
        "type": "github"
      },
      "original": {
        "owner": "nix-community",
        "repo": "disko",
        "type": "github"
      }
    },
    "fenix": {
      "inputs": {
        "nixpkgs": [
          "flakehub",
          "nixpkgs"
        ],
        "rust-analyzer-src": "rust-analyzer-src"
      },
      "locked": {
        "lastModified": 1754030776,
        "narHash": "sha256-EA7Qh5OUc3tgYrLHfG7zU6wxltvWsJ0+sFxOcVsbjOY=",
        "rev": "451f184de2958f8e725acba046ec10670dd771a1",
        "revCount": 2342,
        "type": "tarball",
        "url": "https://api.flakehub.com/f/pinned/nix-community/fenix/0.1.2342%2Brev-451f184de2958f8e725acba046ec10670dd771a1/019864bb-9457-74e4-91eb-576a61bf0c54/source.tar.gz"
      },
      "original": {
        "type": "tarball",
        "url": "https://flakehub.com/f/nix-community/fenix/0"
      }
    },
    "flake-parts": {
      "inputs": {
        "nixpkgs-lib": [
          "nixvim",
          "nixpkgs"
        ]
      },
      "locked": {
        "lastModified": 1756770412,
        "narHash": "sha256-+uWLQZccFHwqpGqr2Yt5VsW/PbeJVTn9Dk6SHWhNRPw=",
        "owner": "hercules-ci",
        "repo": "flake-parts",
        "rev": "4524271976b625a4a605beefd893f270620fd751",
        "type": "github"
      },
      "original": {
        "owner": "hercules-ci",
        "repo": "flake-parts",
        "type": "github"
      }
    },
    "flake-utils": {
      "inputs": {
        "systems": "systems"
      },
      "locked": {
        "lastModified": 1731533236,
        "narHash": "sha256-l0KFg5HjrsfsO/JpG+r7fRrqm12kzFHyUHqHCVpMMbI=",
        "owner": "numtide",
        "repo": "flake-utils",
        "rev": "11707dc2f618dd54ca8739b309ec4fc024de578b",
        "type": "github"
      },
      "original": {
        "owner": "numtide",
        "repo": "flake-utils",
        "type": "github"
      }
    },
    "flakehub": {
      "inputs": {
        "crane": "crane",
        "fenix": "fenix",
        "nixpkgs": "nixpkgs"
      },
      "locked": {
        "lastModified": 1756977098,
        "narHash": "sha256-ZR+hcJxJLircUzOAhdmBp8+45c7SfY/f05/1M6bl1Ls=",
        "owner": "DeterminateSystems",
        "repo": "fh",
        "rev": "3abaad486737b012e3ecef83e15b4c98b8293424",
        "type": "github"
      },
      "original": {
        "owner": "DeterminateSystems",
        "repo": "fh",
        "type": "github"
      }
    },
    "ixx": {
      "inputs": {
        "flake-utils": [
          "nixvim",
          "nuschtosSearch",
          "flake-utils"
        ],
        "nixpkgs": [
          "nixvim",
          "nuschtosSearch",
          "nixpkgs"
        ]
      },
      "locked": {
        "lastModified": 1754860581,
        "narHash": "sha256-EM0IE63OHxXCOpDHXaTyHIOk2cNvMCGPqLt/IdtVxgk=",
        "owner": "NuschtOS",
        "repo": "ixx",
        "rev": "babfe85a876162c4acc9ab6fb4483df88fa1f281",
        "type": "github"
      },
      "original": {
        "owner": "NuschtOS",
        "ref": "v0.1.1",
        "repo": "ixx",
        "type": "github"
      }
    },
    "nixpkgs": {
      "locked": {
        "lastModified": 1755922037,
        "narHash": "sha256-wY1+2JPH0ZZC4BQefoZw/k+3+DowFyfOxv17CN/idKs=",
        "rev": "b1b3291469652d5a2edb0becc4ef0246fff97a7c",
        "revCount": 808723,
        "type": "tarball",
        "url": "https://api.flakehub.com/f/pinned/NixOS/nixpkgs/0.2505.808723%2Brev-b1b3291469652d5a2edb0becc4ef0246fff97a7c/0198daf7-011a-7703-95d7-57146e794342/source.tar.gz"
      },
      "original": {
        "type": "tarball",
        "url": "https://flakehub.com/f/NixOS/nixpkgs/0"
      }
    },
    "nixpkgs_2": {
      "locked": {
        "lastModified": 1757545623,
        "narHash": "sha256-mCxPABZ6jRjUQx3bPP4vjA68ETbPLNz9V2pk9tO7pRQ=",
        "owner": "NixOS",
        "repo": "nixpkgs",
        "rev": "8cd5ce828d5d1d16feff37340171a98fc3bf6526",
        "type": "github"
      },
      "original": {
        "owner": "NixOS",
        "ref": "nixos-25.05",
        "repo": "nixpkgs",
        "type": "github"
      }
    },
    "nixpkgs_3": {
      "locked": {
        "lastModified": 1757545623,
        "narHash": "sha256-mCxPABZ6jRjUQx3bPP4vjA68ETbPLNz9V2pk9tO7pRQ=",
        "owner": "NixOS",
        "repo": "nixpkgs",
        "rev": "8cd5ce828d5d1d16feff37340171a98fc3bf6526",
        "type": "github"
      },
      "original": {
        "owner": "NixOS",
        "ref": "nixos-25.05",
        "repo": "nixpkgs",
        "type": "github"
      }
    },
    "nixvim": {
      "inputs": {
        "flake-parts": "flake-parts",
        "nixpkgs": "nixpkgs_3",
        "nuschtosSearch": "nuschtosSearch",
        "systems": "systems_2"
      },
      "locked": {
        "lastModified": 1757790948,
        "narHash": "sha256-eU8CtpcD3JXAGWL2HxTYYbsrF9DfjYIh6OCbcK/d0Uo=",
        "owner": "nix-community",
        "repo": "nixvim",
        "rev": "e04e652cb0ef65ef8c8fb3b64c64a7e9b1166968",
        "type": "github"
      },
      "original": {
        "owner": "nix-community",
        "ref": "nixos-25.05",
        "repo": "nixvim",
        "type": "github"
      }
    },
    "nuschtosSearch": {
      "inputs": {
        "flake-utils": "flake-utils",
        "ixx": "ixx",
        "nixpkgs": [
          "nixvim",
          "nixpkgs"
        ]
      },
      "locked": {
        "lastModified": 1757624466,
        "narHash": "sha256-25ExS2AkQD05Jf0Y2Wnn5KHpucN2d3ObEQOVaDh7ubg=",
        "owner": "NuschtOS",
        "repo": "search",
        "rev": "da8bcb74407e41d334fc79081fdd8948b795bd6f",
        "type": "github"
      },
      "original": {
        "owner": "NuschtOS",
        "repo": "search",
        "type": "github"
      }
    },
    "root": {
      "inputs": {
        "disko": "disko",
        "flakehub": "flakehub",
        "nixpkgs": "nixpkgs_2",
        "nixvim": "nixvim"
      }
    },
    "rust-analyzer-src": {
      "flake": false,
      "locked": {
        "lastModified": 1753974682,
        "narHash": "sha256-Ya4Ecj8JaKkapgYCCybzZBcypXpblhuG0hVDzdy2zyo=",
        "owner": "rust-lang",
        "repo": "rust-analyzer",
        "rev": "68e7ec90bf29c9b17d0dcdb3358de5dee7f4afb5",
        "type": "github"
      },
      "original": {
        "owner": "rust-lang",
        "ref": "nightly",
        "repo": "rust-analyzer",
        "type": "github"
      }
    },
    "systems": {
      "locked": {
        "lastModified": 1681028828,
        "narHash": "sha256-Vy1rq5AaRuLzOxct8nz4T6wlgyUR7zLU309k9mBC768=",
        "owner": "nix-systems",
        "repo": "default",
        "rev": "da67096a3b9bf56a91d16901293e51ba5b49a27e",
        "type": "github"
      },
      "original": {
        "owner": "nix-systems",
        "repo": "default",
        "type": "github"
      }
    },
    "systems_2": {
      "locked": {
        "lastModified": 1681028828,
        "narHash": "sha256-Vy1rq5AaRuLzOxct8nz4T6wlgyUR7zLU309k9mBC768=",
        "owner": "nix-systems",
        "repo": "default",
        "rev": "da67096a3b9bf56a91d16901293e51ba5b49a27e",
        "type": "github"
      },
      "original": {
        "owner": "nix-systems",
        "repo": "default",
        "type": "github"
      }
    }
  },
  "root": "root",
  "version": 7
}
